
Microsoft Visual Studio Solution File, Format Version 12.00
# Visual Studio Version 17
VisualStudioVersion = 17.9.34723.18
MinimumVisualStudioVersion = 10.0.40219.1
Project("{FAE04EC0-301F-11D3-BF4B-00C04F79EFBC}") = "WebBanHangMVC", "WebBanHangMVC\WebBanHangMVC.csproj", "{49D077E4-74A5-486A-8420-40408C287012}"
EndProject
Global
	GlobalSection(SolutionConfigurationPlatforms) = preSolution
		Debug|Any CPU = Debug|Any CPU
		Release|Any CPU = Release|Any CPU
	EndGlobalSection
	GlobalSection(ProjectConfigurationPlatforms) = postSolution
		{49D077E4-74A5-486A-8420-40408C287012}.Debug|Any CPU.ActiveCfg = Debug|Any CPU
		{49D077E4-74A5-486A-8420-40408C287012}.Debug|Any CPU.Build.0 = Debug|Any CPU
		{49D077E4-74A5-486A-8420-40408C287012}.Release|Any CPU.ActiveCfg = Release|Any CPU
		{49D077E4-74A5-486A-8420-40408C287012}.Release|Any CPU.Build.0 = Release|Any CPU
	EndGlobalSection
	GlobalSection(SolutionProperties) = preSolution
		HideSolutionNode = FALSE
	EndGlobalSection
	GlobalSection(ExtensibilityGlobals) = postSolution
		SolutionGuid = {77B5F604-A16A-4FDE-B19A-3FFE89EC7001}
	EndGlobalSection
EndGlobal
